{
    "name": "amorphic-userman",
    "version": "1.4.2",
    "lockfileVersion": 1,
    "dependencies": {
        "@types/node": {
            "version": "7.0.23",
            "resolved": "https://registry.npmjs.org/@types/node/-/node-7.0.23.tgz",
            "integrity": "sha512-F+qaJi0iw9Yk7Ugml+HtTi2r399gPEFfKh2lwr86/a/5LVHODiAllBlNCNrgo5sT9WRHl74ryEbXVeNUN3ToCQ=="
        },
        "@types/q": {
            "version": "1.0.0",
            "resolved": "https://registry.npmjs.org/@types/q/-/q-1.0.0.tgz",
            "integrity": "sha1-V+VGXWZbNw1CF+abNEsg+qa3JPU="
        },
        "accepts": {
            "version": "1.3.3",
            "resolved": "https://registry.npmjs.org/accepts/-/accepts-1.3.3.tgz",
            "integrity": "sha1-w8p0NJOGSMPg2cHjKN1otiLChMo="
        },
        "align-text": {
            "version": "0.1.4",
            "resolved": "https://registry.npmjs.org/align-text/-/align-text-0.1.4.tgz",
            "integrity": "sha1-DNkKVhCT810KmSVsIrcGlDP60Rc="
        },
        "amorphic": {
            "version": "git+https://github.com/selsamman/amorphic.git#74a88bb3b8db73c51ac93a692a265e6e6df6919e"
        },
        "amorphic-bindster": {
            "version": "git+https://github.com/selsamman/amorphic-bindster.git#12007c3d4f31ef62cbd2f4827165b95e54d7a392"
        },
        "ansi-regex": {
            "version": "2.1.1",
            "resolved": "https://registry.npmjs.org/ansi-regex/-/ansi-regex-2.1.1.tgz",
            "integrity": "sha1-w7M6te42DYbg5ijwRorn7yfWVN8="
        },
        "ansi-styles": {
            "version": "2.2.1",
            "resolved": "https://registry.npmjs.org/ansi-styles/-/ansi-styles-2.2.1.tgz",
            "integrity": "sha1-tDLdM1i2NM914eRmQ2gkBTPB3b4="
        },
        "ap": {
            "version": "0.2.0",
            "resolved": "https://registry.npmjs.org/ap/-/ap-0.2.0.tgz",
            "integrity": "sha1-rglCYAspkS8NKxTsYMRejzMLYRA="
        },
        "arr-diff": {
            "version": "2.0.0",
            "resolved": "https://registry.npmjs.org/arr-diff/-/arr-diff-2.0.0.tgz",
            "integrity": "sha1-jzuCf5Vai9ZpaX5KQlasPOrjVs8="
        },
        "arr-flatten": {
            "version": "1.0.3",
            "resolved": "https://registry.npmjs.org/arr-flatten/-/arr-flatten-1.0.3.tgz",
            "integrity": "sha1-onTthawIhJtr14R8RYB0XcUa37E="
        },
        "array-unique": {
            "version": "0.2.1",
            "resolved": "https://registry.npmjs.org/array-unique/-/array-unique-0.2.1.tgz",
            "integrity": "sha1-odl8yvy8JiXMcPrc6zalDFiwGlM="
        },
        "async": {
            "version": "1.5.2",
            "resolved": "https://registry.npmjs.org/async/-/async-1.5.2.tgz",
            "integrity": "sha1-7GphrlZIDAw8skHJVhjiCJL5Zyo="
        },
        "babel-runtime": {
            "version": "6.23.0",
            "resolved": "https://registry.npmjs.org/babel-runtime/-/babel-runtime-6.23.0.tgz",
            "integrity": "sha1-CpSJ8UTecO+zzkMArM2zKeL8VDs="
        },
        "bluebird": {
            "version": "3.5.0",
            "resolved": "https://registry.npmjs.org/bluebird/-/bluebird-3.5.0.tgz",
            "integrity": "sha1-eRQg1/VR7qKJdFOop3ZT+WYG1nw="
        },
        "braces": {
            "version": "1.8.5",
            "resolved": "https://registry.npmjs.org/braces/-/braces-1.8.5.tgz",
            "integrity": "sha1-uneWLhLf+WnWt2cR6RS3N4V79qc="
        },
        "bson": {
            "version": "1.0.4",
            "resolved": "https://registry.npmjs.org/bson/-/bson-1.0.4.tgz",
            "integrity": "sha1-k8ENOeqltYQVy8QFLz5T5WKwtyw="
        },
        "buffer-shims": {
            "version": "1.0.0",
            "resolved": "https://registry.npmjs.org/buffer-shims/-/buffer-shims-1.0.0.tgz",
            "integrity": "sha1-mXjOMXOIxkmth5MCjDR37wRKi1E="
        },
        "buffer-writer": {
            "version": "1.0.1",
            "resolved": "https://registry.npmjs.org/buffer-writer/-/buffer-writer-1.0.1.tgz",
            "integrity": "sha1-Iqk2kB4wKa/NdUfrRIfOtpejvwg="
        },
        "bytes": {
            "version": "2.3.0",
            "resolved": "https://registry.npmjs.org/bytes/-/bytes-2.3.0.tgz",
            "integrity": "sha1-1baAoWW2IBc5rLYRVCqrwtjOsHA="
        },
        "camelcase": {
            "version": "2.1.1",
            "resolved": "https://registry.npmjs.org/camelcase/-/camelcase-2.1.1.tgz",
            "integrity": "sha1-fB0W1nmhu+WcoCys7PsBHiAfWh8="
        },
        "center-align": {
            "version": "0.1.3",
            "resolved": "https://registry.npmjs.org/center-align/-/center-align-0.1.3.tgz",
            "integrity": "sha1-qg0yYptu6XIgBBHL1EYckHvCt60="
        },
        "chalk": {
            "version": "1.1.3",
            "resolved": "https://registry.npmjs.org/chalk/-/chalk-1.1.3.tgz",
            "integrity": "sha1-qBFcVeSnAv5NFQq9OHKCKn4J/Jg="
        },
        "check-types": {
            "version": "6.0.0",
            "resolved": "https://registry.npmjs.org/check-types/-/check-types-6.0.0.tgz",
            "integrity": "sha1-3hKi/8KV30Czr8orz+uDG8X17fA="
        },
        "cliui": {
            "version": "3.2.0",
            "resolved": "https://registry.npmjs.org/cliui/-/cliui-3.2.0.tgz",
            "integrity": "sha1-EgYBU3qRbSmUD5NNo7SNWFo5IT0="
        },
        "code-point-at": {
            "version": "1.1.0",
            "resolved": "https://registry.npmjs.org/code-point-at/-/code-point-at-1.1.0.tgz",
            "integrity": "sha1-DQcLTQQ6W+ozovGkDi7bPZpMz3c="
        },
        "commander": {
            "version": "2.9.0",
            "resolved": "https://registry.npmjs.org/commander/-/commander-2.9.0.tgz",
            "integrity": "sha1-nJkJQXbhIkDLItbFFGCYQA/g99Q="
        },
        "compressible": {
            "version": "2.0.10",
            "resolved": "https://registry.npmjs.org/compressible/-/compressible-2.0.10.tgz",
            "integrity": "sha1-/tocf3YXkScyspv4zyYlKiC57s0="
        },
        "compression": {
            "version": "1.6.2",
            "resolved": "https://registry.npmjs.org/compression/-/compression-1.6.2.tgz",
            "integrity": "sha1-zOsSHsydCcUtetDDNQ6pPd1AK8M="
        },
        "connect": {
            "version": "2.6.2",
            "resolved": "https://registry.npmjs.org/connect/-/connect-2.6.2.tgz",
            "integrity": "sha1-LGbqZYPeYkdf4VugPl8HTlMFDvs=",
            "dependencies": {
                "bytes": {
                    "version": "0.1.0",
                    "resolved": "https://registry.npmjs.org/bytes/-/bytes-0.1.0.tgz",
                    "integrity": "sha1-xXSBIigSbWNp0VdpJahXnbP45aI="
                },
                "formidable": {
                    "version": "1.0.11",
                    "resolved": "https://registry.npmjs.org/formidable/-/formidable-1.0.11.tgz",
                    "integrity": "sha1-aPYzJaA15kS297s9ESQ7l2HeGzA="
                }
            }
        },
        "cookie": {
            "version": "0.0.4",
            "resolved": "https://registry.npmjs.org/cookie/-/cookie-0.0.4.tgz",
            "integrity": "sha1-VFa9R67iZm6sl26oCmEFlASD/pg="
        },
        "cookie-signature": {
            "version": "0.0.1",
            "resolved": "https://registry.npmjs.org/cookie-signature/-/cookie-signature-0.0.1.tgz",
            "integrity": "sha1-E9NgO1z2O++/haiAHjeqkA20aYU="
        },
        "core-js": {
            "version": "2.4.1",
            "resolved": "https://registry.npmjs.org/core-js/-/core-js-2.4.1.tgz",
            "integrity": "sha1-TekR5mew6ukSTjQlS1OupvxhjT4="
        },
        "core-util-is": {
            "version": "1.0.2",
            "resolved": "https://registry.npmjs.org/core-util-is/-/core-util-is-1.0.2.tgz",
            "integrity": "sha1-tf1UIgqivFq1eqtxQMlAdUUDwac="
        },
        "crc": {
            "version": "0.2.0",
            "resolved": "https://registry.npmjs.org/crc/-/crc-0.2.0.tgz",
            "integrity": "sha1-9Ehrm/ChLfg8P8oU4x4DD9q9lFQ="
        },
        "debug": {
            "version": "2.2.0",
            "resolved": "https://registry.npmjs.org/debug/-/debug-2.2.0.tgz",
            "integrity": "sha1-+HBX6ZWxofauaklgZkE3vFbwOdo="
        },
        "decamelize": {
            "version": "1.2.0",
            "resolved": "https://registry.npmjs.org/decamelize/-/decamelize-1.2.0.tgz",
            "integrity": "sha1-9lNNFRSCabIDUue+4m9QH5oZEpA="
        },
        "detect-file": {
            "version": "0.1.0",
            "resolved": "https://registry.npmjs.org/detect-file/-/detect-file-0.1.0.tgz",
            "integrity": "sha1-STXe39lIhkjgBrASlWbpOGcR6mM="
        },
        "es6-promise": {
            "version": "4.1.0",
            "resolved": "https://registry.npmjs.org/es6-promise/-/es6-promise-4.1.0.tgz",
            "integrity": "sha1-3aA8qPn4m8WX5omEKSnee6jOvfA="
        },
        "escape-string-regexp": {
            "version": "1.0.5",
            "resolved": "https://registry.npmjs.org/escape-string-regexp/-/escape-string-regexp-1.0.5.tgz",
            "integrity": "sha1-G2HAViGQqN/2rjuyzwIAyhMLhtQ="
        },
        "expand-brackets": {
            "version": "0.1.5",
            "resolved": "https://registry.npmjs.org/expand-brackets/-/expand-brackets-0.1.5.tgz",
            "integrity": "sha1-3wcoTjQqgHzXM6xa9yQR5YHRF3s="
        },
        "expand-range": {
            "version": "1.8.2",
            "resolved": "https://registry.npmjs.org/expand-range/-/expand-range-1.8.2.tgz",
            "integrity": "sha1-opnv/TNf4nIeuujiV+x5ZE/IUzc="
        },
        "expand-tilde": {
            "version": "1.2.2",
            "resolved": "https://registry.npmjs.org/expand-tilde/-/expand-tilde-1.2.2.tgz",
            "integrity": "sha1-C4HrqJflo9MdHD0QL48BRB5VlEk="
        },
        "extend": {
            "version": "3.0.1",
            "resolved": "https://registry.npmjs.org/extend/-/extend-3.0.1.tgz",
            "integrity": "sha1-p1Xqe8Gt/MWjHOfnYtuq3F5jZEQ="
        },
        "extglob": {
            "version": "0.3.2",
            "resolved": "https://registry.npmjs.org/extglob/-/extglob-0.3.2.tgz",
            "integrity": "sha1-Lhj/PS9JqydlzskCPwEdqo2DSaE="
        },
        "filename-regex": {
            "version": "2.0.1",
            "resolved": "https://registry.npmjs.org/filename-regex/-/filename-regex-2.0.1.tgz",
            "integrity": "sha1-wcS5vuPglyXdsQa3XB4wH+LxiyY="
        },
        "fill-range": {
            "version": "2.2.3",
            "resolved": "https://registry.npmjs.org/fill-range/-/fill-range-2.2.3.tgz",
            "integrity": "sha1-ULd9/X5Gm8dJJHCWNpn+eoSFpyM="
        },
        "findup-sync": {
            "version": "0.4.3",
            "resolved": "https://registry.npmjs.org/findup-sync/-/findup-sync-0.4.3.tgz",
            "integrity": "sha1-QAQ5Kee8YK3wt/SCfExudaDeyhI="
        },
        "flagged-respawn": {
            "version": "0.3.2",
            "resolved": "https://registry.npmjs.org/flagged-respawn/-/flagged-respawn-0.3.2.tgz",
            "integrity": "sha1-/xke3c1wiKZ1smEP/8l2vpuAdLU="
        },
        "for-in": {
            "version": "1.0.2",
            "resolved": "https://registry.npmjs.org/for-in/-/for-in-1.0.2.tgz",
            "integrity": "sha1-gQaNKVqBQuwKxybG4iAMMPttXoA="
        },
        "for-own": {
            "version": "0.1.5",
            "resolved": "https://registry.npmjs.org/for-own/-/for-own-0.1.5.tgz",
            "integrity": "sha1-UmXGgaTylNq78XyVCbZ2OqhFEM4="
        },
        "formidable": {
            "version": "1.1.1",
            "resolved": "https://registry.npmjs.org/formidable/-/formidable-1.1.1.tgz",
            "integrity": "sha1-lriIb3w8NQi5Mta9cMTTqI818ak="
        },
        "fresh": {
            "version": "0.1.0",
            "resolved": "https://registry.npmjs.org/fresh/-/fresh-0.1.0.tgz",
            "integrity": "sha1-A+SwF4Qk5MLV0ZpU2IFM3JeTSFA="
        },
        "fs-exists-sync": {
            "version": "0.1.0",
            "resolved": "https://registry.npmjs.org/fs-exists-sync/-/fs-exists-sync-0.1.0.tgz",
            "integrity": "sha1-mC1ok6+RjnLQjeyehnP/K1qNat0="
        },
        "generic-pool": {
            "version": "2.5.4",
            "resolved": "https://registry.npmjs.org/generic-pool/-/generic-pool-2.5.4.tgz",
            "integrity": "sha1-OMYYhRPhQDCUjsblz2VSPZd5KZs="
        },
        "glob-base": {
            "version": "0.3.0",
            "resolved": "https://registry.npmjs.org/glob-base/-/glob-base-0.3.0.tgz",
            "integrity": "sha1-27Fk9iIbHAscz4Kuoyi0l98Oo8Q="
        },
        "glob-parent": {
            "version": "2.0.0",
            "resolved": "https://registry.npmjs.org/glob-parent/-/glob-parent-2.0.0.tgz",
            "integrity": "sha1-gTg9ctsFT8zPUzbaqQLxgvbtuyg="
        },
        "global-modules": {
            "version": "0.2.3",
            "resolved": "https://registry.npmjs.org/global-modules/-/global-modules-0.2.3.tgz",
            "integrity": "sha1-6lo77ULG1s6ZWk+KEmm12uIjgo0="
        },
        "global-prefix": {
            "version": "0.1.5",
            "resolved": "https://registry.npmjs.org/global-prefix/-/global-prefix-0.1.5.tgz",
            "integrity": "sha1-jTvGuNo8qBEqFg2NSW/wRiv+948="
        },
        "graceful-readlink": {
            "version": "1.0.1",
            "resolved": "https://registry.npmjs.org/graceful-readlink/-/graceful-readlink-1.0.1.tgz",
            "integrity": "sha1-TK+tdrxi8C+gObL5Tpo906ORpyU="
        },
        "has-ansi": {
            "version": "2.0.0",
            "resolved": "https://registry.npmjs.org/has-ansi/-/has-ansi-2.0.0.tgz",
            "integrity": "sha1-NPUEnOHs3ysGSa8+8k5F7TVBbZE="
        },
        "homedir-polyfill": {
            "version": "1.0.1",
            "resolved": "https://registry.npmjs.org/homedir-polyfill/-/homedir-polyfill-1.0.1.tgz",
            "integrity": "sha1-TCu8inWJmP7r9e1oWA921GdotLw="
        },
        "inherits": {
            "version": "2.0.3",
            "resolved": "https://registry.npmjs.org/inherits/-/inherits-2.0.3.tgz",
            "integrity": "sha1-Yzwsg+PaQqUC9SRmAiSA9CCCYd4="
        },
        "ini": {
            "version": "1.3.4",
            "resolved": "https://registry.npmjs.org/ini/-/ini-1.3.4.tgz",
            "integrity": "sha1-BTfLedr1m1mhpRff9wbIbsA5Fi4="
        },
        "interpret": {
            "version": "0.6.6",
            "resolved": "https://registry.npmjs.org/interpret/-/interpret-0.6.6.tgz",
            "integrity": "sha1-/s16GOfOXKar+5U+H4YhOknxYls="
        },
        "invert-kv": {
            "version": "1.0.0",
            "resolved": "https://registry.npmjs.org/invert-kv/-/invert-kv-1.0.0.tgz",
            "integrity": "sha1-EEqOSqym09jNFXqO+L+rLXo//bY="
        },
        "is-buffer": {
            "version": "1.1.5",
            "resolved": "https://registry.npmjs.org/is-buffer/-/is-buffer-1.1.5.tgz",
            "integrity": "sha1-Hzsm72E7IUuIy8ojzGwB2Hlh7sw="
        },
        "is-dotfile": {
            "version": "1.0.3",
            "resolved": "https://registry.npmjs.org/is-dotfile/-/is-dotfile-1.0.3.tgz",
            "integrity": "sha1-pqLzL/0t+wT1yiXs0Pa4PPeYoeE="
        },
        "is-equal-shallow": {
            "version": "0.1.3",
            "resolved": "https://registry.npmjs.org/is-equal-shallow/-/is-equal-shallow-0.1.3.tgz",
            "integrity": "sha1-IjgJj8Ih3gvPpdnqxMRdY4qhxTQ="
        },
        "is-extendable": {
            "version": "0.1.1",
            "resolved": "https://registry.npmjs.org/is-extendable/-/is-extendable-0.1.1.tgz",
            "integrity": "sha1-YrEQ4omkcUGOPsNqYX1HLjAd/Ik="
        },
        "is-extglob": {
            "version": "1.0.0",
            "resolved": "https://registry.npmjs.org/is-extglob/-/is-extglob-1.0.0.tgz",
            "integrity": "sha1-rEaBd8SUNAWgkvyPKXYMb/xiBsA="
        },
        "is-fullwidth-code-point": {
            "version": "1.0.0",
            "resolved": "https://registry.npmjs.org/is-fullwidth-code-point/-/is-fullwidth-code-point-1.0.0.tgz",
            "integrity": "sha1-754xOG8DGn8NZDr4L95QxFfvAMs="
        },
        "is-glob": {
            "version": "2.0.1",
            "resolved": "https://registry.npmjs.org/is-glob/-/is-glob-2.0.1.tgz",
            "integrity": "sha1-0Jb5JqPe1WAPP9/ZEZjLCIjC2GM="
        },
        "is-number": {
            "version": "2.1.0",
            "resolved": "https://registry.npmjs.org/is-number/-/is-number-2.1.0.tgz",
            "integrity": "sha1-Afy7s5NGOlSPL0ZszhbezknbkI8="
        },
        "is-posix-bracket": {
            "version": "0.1.1",
            "resolved": "https://registry.npmjs.org/is-posix-bracket/-/is-posix-bracket-0.1.1.tgz",
            "integrity": "sha1-MzTceXdDaOkvAW5vvAqI9c1ua8Q="
        },
        "is-primitive": {
            "version": "2.0.0",
            "resolved": "https://registry.npmjs.org/is-primitive/-/is-primitive-2.0.0.tgz",
            "integrity": "sha1-IHurkWOEmcB7Kt8kCkGochADRXU="
        },
        "is-windows": {
            "version": "0.2.0",
            "resolved": "https://registry.npmjs.org/is-windows/-/is-windows-0.2.0.tgz",
            "integrity": "sha1-3hqm1j6indJIc3tp8f+LgALSEIw="
        },
        "isarray": {
            "version": "1.0.0",
            "resolved": "https://registry.npmjs.org/isarray/-/isarray-1.0.0.tgz",
            "integrity": "sha1-u5NdSFgsuhaMBoNJV6VKPgcSTxE="
        },
        "isexe": {
            "version": "2.0.0",
            "resolved": "https://registry.npmjs.org/isexe/-/isexe-2.0.0.tgz",
            "integrity": "sha1-6PvzdNxVb/iUehDcsFctYz8s+hA="
        },
        "isobject": {
            "version": "2.1.0",
            "resolved": "https://registry.npmjs.org/isobject/-/isobject-2.1.0.tgz",
            "integrity": "sha1-8GVWEJaj8dou9GJy+BXIQNh+DIk="
        },
        "kind-of": {
            "version": "3.2.2",
            "resolved": "https://registry.npmjs.org/kind-of/-/kind-of-3.2.2.tgz",
            "integrity": "sha1-MeohpzS6ubuw8yRm2JOupR5KPGQ="
        },
        "knex": {
            "version": "0.13.0",
            "resolved": "https://registry.npmjs.org/knex/-/knex-0.13.0.tgz",
            "integrity": "sha1-CN1JT2u2SSiTTuydrDR4ehTKX6Q=",
            "dependencies": {
                "isarray": {
                    "version": "0.0.1",
                    "resolved": "https://registry.npmjs.org/isarray/-/isarray-0.0.1.tgz",
                    "integrity": "sha1-ihis/Kmo9Bd+Cav8YDiTmwXR7t8="
                },
                "readable-stream": {
                    "version": "1.1.14",
                    "resolved": "https://registry.npmjs.org/readable-stream/-/readable-stream-1.1.14.tgz",
                    "integrity": "sha1-fPTFTvZI44EwhMY23SB54WbAgdk="
                },
                "string_decoder": {
                    "version": "0.10.31",
                    "resolved": "https://registry.npmjs.org/string_decoder/-/string_decoder-0.10.31.tgz",
                    "integrity": "sha1-YuIDvEF2bGwoyfyEMB2rHFMQ+pQ="
                }
            }
        },
        "lazy-cache": {
            "version": "1.0.4",
            "resolved": "https://registry.npmjs.org/lazy-cache/-/lazy-cache-1.0.4.tgz",
            "integrity": "sha1-odePw6UEdMuAhF07O24dpJpEbo4="
        },
        "lcid": {
            "version": "1.0.0",
            "resolved": "https://registry.npmjs.org/lcid/-/lcid-1.0.0.tgz",
            "integrity": "sha1-MIrMr6C8SDo4Z7S28rlQYlHRuDU="
        },
        "liftoff": {
            "version": "2.2.5",
            "resolved": "https://registry.npmjs.org/liftoff/-/liftoff-2.2.5.tgz",
            "integrity": "sha1-mYwods/0hLED5EI7k9NW2kRzTJE="
        },
        "lodash": {
            "version": "4.17.4",
            "resolved": "https://registry.npmjs.org/lodash/-/lodash-4.17.4.tgz",
            "integrity": "sha1-eCA6TRwyiuHYbcpkYONptX9AVa4="
        },
        "longest": {
            "version": "1.0.1",
            "resolved": "https://registry.npmjs.org/longest/-/longest-1.0.1.tgz",
            "integrity": "sha1-MKCy2jj3N3DoKUoNIuZiXtd9AJc="
        },
        "micromatch": {
            "version": "2.3.11",
            "resolved": "https://registry.npmjs.org/micromatch/-/micromatch-2.3.11.tgz",
            "integrity": "sha1-hmd8l9FyCzY0MdBNDRUpO9OMFWU="
        },
        "mime": {
            "version": "1.2.6",
            "resolved": "https://registry.npmjs.org/mime/-/mime-1.2.6.tgz",
            "integrity": "sha1-sfhsdowCX6h7SAdfFwnyiuryA2U="
        },
        "mime-db": {
            "version": "1.27.0",
            "resolved": "https://registry.npmjs.org/mime-db/-/mime-db-1.27.0.tgz",
            "integrity": "sha1-gg9XIpa70g7CXtVeW13oaeVDbrE="
        },
        "mime-types": {
            "version": "2.1.15",
            "resolved": "https://registry.npmjs.org/mime-types/-/mime-types-2.1.15.tgz",
            "integrity": "sha1-pOv1BkCUVpI3uM9wBGd20J/JKu0="
        },
        "minimist": {
            "version": "1.1.3",
            "resolved": "https://registry.npmjs.org/minimist/-/minimist-1.1.3.tgz",
            "integrity": "sha1-O+39kaktOQFvz6ocaB6Pqhoe/ag="
        },
        "mkdirp": {
            "version": "0.5.1",
            "resolved": "https://registry.npmjs.org/mkdirp/-/mkdirp-0.5.1.tgz",
            "integrity": "sha1-MAV0OOrGz3+MR2fzhkjWaX11yQM=",
            "dependencies": {
                "minimist": {
                    "version": "0.0.8",
                    "resolved": "https://registry.npmjs.org/minimist/-/minimist-0.0.8.tgz",
                    "integrity": "sha1-hX/Kv8M5fSYluCKCYuhqp6ARsF0="
                }
            }
        },
        "mongodb": {
            "version": "2.2.27",
            "resolved": "https://registry.npmjs.org/mongodb/-/mongodb-2.2.27.tgz",
            "integrity": "sha1-NBIgNNtm2YO89qta2yaiSnD+9uY=",
            "dependencies": {
                "es6-promise": {
                    "version": "3.2.1",
                    "resolved": "https://registry.npmjs.org/es6-promise/-/es6-promise-3.2.1.tgz",
                    "integrity": "sha1-7FYjOGgDKQkgcXDDlEjiREndH8Q="
                }
            }
        },
        "mongodb-bluebird": {
            "version": "0.1.1",
            "resolved": "https://registry.npmjs.org/mongodb-bluebird/-/mongodb-bluebird-0.1.1.tgz",
            "integrity": "sha1-FFiwNaksly7YMxrCnHcGm9ACFoE="
        },
        "mongodb-core": {
            "version": "2.1.11",
            "resolved": "https://registry.npmjs.org/mongodb-core/-/mongodb-core-2.1.11.tgz",
            "integrity": "sha1-HDh3bOsXSZepnCiGDu2QKNqbPho="
        },
        "ms": {
            "version": "0.7.1",
            "resolved": "https://registry.npmjs.org/ms/-/ms-0.7.1.tgz",
            "integrity": "sha1-nNE8A62/8ltl7/3nzoZO6VIBcJg="
        },
        "nconf": {
            "version": "0.8.4",
            "resolved": "https://registry.npmjs.org/nconf/-/nconf-0.8.4.tgz",
            "integrity": "sha1-lQIjT3rWI4yrf5LXwGjCBDTT/5M="
        },
        "negotiator": {
            "version": "0.6.1",
            "resolved": "https://registry.npmjs.org/negotiator/-/negotiator-0.6.1.tgz",
            "integrity": "sha1-KzJxhOiZIQEXeyhWP7XnECrNDKk="
        },
        "normalize-path": {
            "version": "2.1.1",
            "resolved": "https://registry.npmjs.org/normalize-path/-/normalize-path-2.1.1.tgz",
            "integrity": "sha1-GrKLVW4Zg2Oowab35vogE3/mrtk="
        },
        "number-is-nan": {
            "version": "1.0.1",
            "resolved": "https://registry.npmjs.org/number-is-nan/-/number-is-nan-1.0.1.tgz",
            "integrity": "sha1-CXtgK1NCKlIsGvuHkDGDNpQaAR0="
        },
        "object-assign": {
            "version": "4.1.1",
            "resolved": "https://registry.npmjs.org/object-assign/-/object-assign-4.1.1.tgz",
            "integrity": "sha1-IQmtx5ZYh8/AXLvUQsrIv7s2CGM="
        },
        "object.omit": {
            "version": "2.0.1",
            "resolved": "https://registry.npmjs.org/object.omit/-/object.omit-2.0.1.tgz",
            "integrity": "sha1-Gpx0SCnznbuFjHbKNXmuKlTr0fo="
        },
        "on-headers": {
            "version": "1.0.1",
            "resolved": "https://registry.npmjs.org/on-headers/-/on-headers-1.0.1.tgz",
            "integrity": "sha1-ko9dD0cNSTQmUepnlLCFfBAGk/c="
        },
        "os-homedir": {
            "version": "1.0.2",
            "resolved": "https://registry.npmjs.org/os-homedir/-/os-homedir-1.0.2.tgz",
            "integrity": "sha1-/7xJiDNuDoM94MFox+8VISGqf7M="
        },
        "os-locale": {
            "version": "1.4.0",
            "resolved": "https://registry.npmjs.org/os-locale/-/os-locale-1.4.0.tgz",
            "integrity": "sha1-IPnxeuKe00XoveWDsT0gCYA8FNk="
        },
        "packet-reader": {
            "version": "0.3.1",
            "resolved": "https://registry.npmjs.org/packet-reader/-/packet-reader-0.3.1.tgz",
            "integrity": "sha1-zWLmCvjX/qinBexP+ZCHHEaHHyc="
        },
        "parse-glob": {
            "version": "3.0.4",
            "resolved": "https://registry.npmjs.org/parse-glob/-/parse-glob-3.0.4.tgz",
            "integrity": "sha1-ssN2z7EfNVE7rdFz7wu246OIORw="
        },
        "parse-passwd": {
            "version": "1.0.0",
            "resolved": "https://registry.npmjs.org/parse-passwd/-/parse-passwd-1.0.0.tgz",
            "integrity": "sha1-bVuTSkVpk7I9N/QKOC1vFmao5cY="
        },
        "path-parse": {
            "version": "1.0.5",
            "resolved": "https://registry.npmjs.org/path-parse/-/path-parse-1.0.5.tgz",
            "integrity": "sha1-PBrfhx6pzWyUMbbqK9dKD/BVxME="
        },
        "pause": {
            "version": "0.0.1",
            "resolved": "https://registry.npmjs.org/pause/-/pause-0.0.1.tgz",
            "integrity": "sha1-HUCLP9t2kjuVQ9lvtMnf1TXZy10="
        },
        "persistor": {
            "version": "git+https://github.com/selsamman/persistor.git#f2681670130e4efdba56af154f19dfc40b04340c"
        },
        "pg": {
            "version": "6.2.3",
            "resolved": "https://registry.npmjs.org/pg/-/pg-6.2.3.tgz",
            "integrity": "sha1-iYi3xpoYdamX1zuSA2xCWQtfgCQ=",
            "dependencies": {
                "semver": {
                    "version": "4.3.2",
                    "resolved": "https://registry.npmjs.org/semver/-/semver-4.3.2.tgz",
                    "integrity": "sha1-x6BxWKgL7dBSNVt3DYLWZA+AO+c="
                }
            }
        },
        "pg-connection-string": {
            "version": "0.1.3",
            "resolved": "https://registry.npmjs.org/pg-connection-string/-/pg-connection-string-0.1.3.tgz",
            "integrity": "sha1-2hhHsglA5C7hSSvq9l1J2RskXfc="
        },
        "pg-pool": {
            "version": "1.7.1",
            "resolved": "https://registry.npmjs.org/pg-pool/-/pg-pool-1.7.1.tgz",
            "integrity": "sha1-QhEFy3Rpl53MSNb8T+P+RllDdDc=",
            "dependencies": {
                "generic-pool": {
                    "version": "2.4.3",
                    "resolved": "https://registry.npmjs.org/generic-pool/-/generic-pool-2.4.3.tgz",
                    "integrity": "sha1-eAw29p360FpaBF3Te+etyhGk9v8="
                },
                "object-assign": {
                    "version": "4.1.0",
                    "resolved": "https://registry.npmjs.org/object-assign/-/object-assign-4.1.0.tgz",
                    "integrity": "sha1-ejs9DpgGPUP0wD8uiubNUahog6A="
                }
            }
        },
        "pg-types": {
            "version": "1.12.0",
            "resolved": "https://registry.npmjs.org/pg-types/-/pg-types-1.12.0.tgz",
            "integrity": "sha1-itO3uJfj/UY+Yt4kGtX8ZAtKZvA="
        },
        "pgpass": {
            "version": "1.0.2",
            "resolved": "https://registry.npmjs.org/pgpass/-/pgpass-1.0.2.tgz",
            "integrity": "sha1-Knu0G2BltnkH6R2hsHwYR8h3swY="
        },
        "postgres-array": {
            "version": "1.0.2",
            "resolved": "https://registry.npmjs.org/postgres-array/-/postgres-array-1.0.2.tgz",
            "integrity": "sha1-jgsy6wO/d6XAp4UeBEHBaaJWojg="
        },
        "postgres-bytea": {
            "version": "1.0.0",
            "resolved": "https://registry.npmjs.org/postgres-bytea/-/postgres-bytea-1.0.0.tgz",
            "integrity": "sha1-AntTPAqokOJtFy1Hz5zOzFIazTU="
        },
        "postgres-date": {
            "version": "1.0.3",
            "resolved": "https://registry.npmjs.org/postgres-date/-/postgres-date-1.0.3.tgz",
            "integrity": "sha1-4tiXAu/bJY/52c7g/pG9BpdSV6g="
        },
        "postgres-interval": {
            "version": "1.1.0",
            "resolved": "https://registry.npmjs.org/postgres-interval/-/postgres-interval-1.1.0.tgz",
            "integrity": "sha1-EDHnusNFZBMoYq3J62xtLzqnW7Q="
        },
        "preserve": {
            "version": "0.2.0",
            "resolved": "https://registry.npmjs.org/preserve/-/preserve-0.2.0.tgz",
            "integrity": "sha1-gV7R9uvGWSb4ZbMQwHE7yzMVzks="
        },
        "process-nextick-args": {
            "version": "1.0.7",
            "resolved": "https://registry.npmjs.org/process-nextick-args/-/process-nextick-args-1.0.7.tgz",
            "integrity": "sha1-FQ4gt1ZZCtP5EJPyWk8q2L/zC6M="
        },
        "q": {
            "version": "1.5.0",
            "resolved": "https://registry.npmjs.org/q/-/q-1.5.0.tgz",
            "integrity": "sha1-3QG6ydBtMObyGa7LglPunr3DCPE="
        },
        "qs": {
            "version": "0.5.1",
            "resolved": "https://registry.npmjs.org/qs/-/qs-0.5.1.tgz",
            "integrity": "sha1-n2v12axsdjhOldNtFbSJgOXkrdA="
        },
        "randomatic": {
            "version": "1.1.6",
            "resolved": "https://registry.npmjs.org/randomatic/-/randomatic-1.1.6.tgz",
            "integrity": "sha1-EQ3Kv/OX6dz/fAeJzMCkmt8exbs="
        },
        "range-parser": {
            "version": "0.0.4",
            "resolved": "https://registry.npmjs.org/range-parser/-/range-parser-0.0.4.tgz",
            "integrity": "sha1-wEJ//vUcEKy6B4KkbJYC50T/Ygs="
        },
        "readable-stream": {
            "version": "2.2.7",
            "resolved": "https://registry.npmjs.org/readable-stream/-/readable-stream-2.2.7.tgz",
            "integrity": "sha1-BwV6y+JGeyIELTb5jFrVBwVOlbE="
        },
        "rechoir": {
            "version": "0.6.2",
            "resolved": "https://registry.npmjs.org/rechoir/-/rechoir-0.6.2.tgz",
            "integrity": "sha1-hSBLVNuoLVdC4oyWdW70OvUOM4Q="
        },
        "reflect-metadata": {
            "version": "0.1.10",
            "resolved": "https://registry.npmjs.org/reflect-metadata/-/reflect-metadata-0.1.10.tgz",
            "integrity": "sha1-tPg3BEFqytiZiMmxVjXUfgO5NEo="
        },
        "regenerator-runtime": {
            "version": "0.10.5",
            "resolved": "https://registry.npmjs.org/regenerator-runtime/-/regenerator-runtime-0.10.5.tgz",
            "integrity": "sha1-M2w+/BIgrc7dosn6tntaeVWjNlg="
        },
        "regex-cache": {
            "version": "0.4.3",
            "resolved": "https://registry.npmjs.org/regex-cache/-/regex-cache-0.4.3.tgz",
            "integrity": "sha1-mxpsNdTQ3871cRrmUejp09cRQUU="
        },
        "remove-trailing-separator": {
            "version": "1.0.1",
            "resolved": "https://registry.npmjs.org/remove-trailing-separator/-/remove-trailing-separator-1.0.1.tgz",
            "integrity": "sha1-YV67lq9VlVLUv0BXyENtSGq2PMQ="
        },
        "repeat-element": {
            "version": "1.1.2",
            "resolved": "https://registry.npmjs.org/repeat-element/-/repeat-element-1.1.2.tgz",
            "integrity": "sha1-7wiaF40Ug7quTZPrmLT55OEdmQo="
        },
        "repeat-string": {
            "version": "1.6.1",
            "resolved": "https://registry.npmjs.org/repeat-string/-/repeat-string-1.6.1.tgz",
            "integrity": "sha1-jcrkcOHIirwtYA//Sndihtp15jc="
        },
        "require_optional": {
            "version": "1.0.0",
            "resolved": "https://registry.npmjs.org/require_optional/-/require_optional-1.0.0.tgz",
            "integrity": "sha1-UqhhN6hJco62ClVTNhf4+RT1mr8="
        },
        "resolve": {
            "version": "1.3.3",
            "resolved": "https://registry.npmjs.org/resolve/-/resolve-1.3.3.tgz",
            "integrity": "sha1-ZVkHw0aahoDcLeOidaj91paR8OU="
        },
        "resolve-dir": {
            "version": "0.1.1",
            "resolved": "https://registry.npmjs.org/resolve-dir/-/resolve-dir-0.1.1.tgz",
            "integrity": "sha1-shklmlYC+sXFxJatiUpujMQwJh4="
        },
        "resolve-from": {
            "version": "2.0.0",
            "resolved": "https://registry.npmjs.org/resolve-from/-/resolve-from-2.0.0.tgz",
            "integrity": "sha1-lICrIOlP+h2egKgEx+oUdhGWa1c="
        },
        "right-align": {
            "version": "0.1.3",
            "resolved": "https://registry.npmjs.org/right-align/-/right-align-0.1.3.tgz",
            "integrity": "sha1-YTObci/mo1FWiSENJOFMlhSGE+8="
        },
        "safe-buffer": {
            "version": "5.0.1",
            "resolved": "https://registry.npmjs.org/safe-buffer/-/safe-buffer-5.0.1.tgz",
            "integrity": "sha1-0mPKVGls2KMGtcplUekt5XkY++c="
        },
        "secure-keys": {
            "version": "1.0.0",
            "resolved": "https://registry.npmjs.org/secure-keys/-/secure-keys-1.0.0.tgz",
            "integrity": "sha1-8MgtmKOxOah3aogIBQuCRDEIf8o="
        },
        "semotus": {
            "version": "git+https://github.com/selsamman/semotus.git#7f7cb5a2596b5d5230ab5f7d17c42097fa92ae9a"
        },
        "semver": {
            "version": "5.3.0",
            "resolved": "https://registry.npmjs.org/semver/-/semver-5.3.0.tgz",
            "integrity": "sha1-myzl094C0XxgEq0yaqa00M9U+U8="
        },
        "send": {
            "version": "0.1.0",
            "resolved": "https://registry.npmjs.org/send/-/send-0.1.0.tgz",
            "integrity": "sha1-z7COvTzsm3/Bo32f+eh1qXHPRkA="
        },
        "source-map": {
            "version": "0.5.6",
            "resolved": "https://registry.npmjs.org/source-map/-/source-map-0.5.6.tgz",
            "integrity": "sha1-dc449SvwczxafwwRjYEzSiu19BI="
        },
        "split": {
            "version": "1.0.0",
            "resolved": "https://registry.npmjs.org/split/-/split-1.0.0.tgz",
            "integrity": "sha1-xDlc5oOrzSVLwo/h2rtuXCfc/64="
        },
        "string_decoder": {
            "version": "1.0.1",
            "resolved": "https://registry.npmjs.org/string_decoder/-/string_decoder-1.0.1.tgz",
            "integrity": "sha1-YuIA8DmVWmgQ2N8KM//A8BNmLZg="
        },
        "string-width": {
            "version": "1.0.2",
            "resolved": "https://registry.npmjs.org/string-width/-/string-width-1.0.2.tgz",
            "integrity": "sha1-EYvfW4zcUaKn5w0hHgfisLmxB9M="
        },
        "strip-ansi": {
            "version": "3.0.1",
            "resolved": "https://registry.npmjs.org/strip-ansi/-/strip-ansi-3.0.1.tgz",
            "integrity": "sha1-ajhfuIU9lS1f8F0Oiq+UJ43GPc8="
        },
        "supertype": {
            "version": "git+https://github.com/selsamman/supertype.git#0d0328f27058098ec6ca110c27dccfe917cf734f"
        },
        "supports-color": {
            "version": "2.0.0",
            "resolved": "https://registry.npmjs.org/supports-color/-/supports-color-2.0.0.tgz",
            "integrity": "sha1-U10EXOa2Nj+kARcIRimZXp3zJMc="
        },
        "through": {
            "version": "2.3.8",
            "resolved": "https://registry.npmjs.org/through/-/through-2.3.8.tgz",
            "integrity": "sha1-DdTJ/6q8NXlgsbckEV1+Doai4fU="
        },
        "tildify": {
            "version": "1.0.0",
            "resolved": "https://registry.npmjs.org/tildify/-/tildify-1.0.0.tgz",
            "integrity": "sha1-KgIdtej73gqPi03zetqo+x05190="
        },
        "tv4": {
            "version": "1.3.0",
            "resolved": "https://registry.npmjs.org/tv4/-/tv4-1.3.0.tgz",
            "integrity": "sha1-0CDIRvrdUMhVq7JeuuzGj8EPeWM="
        },
        "typescript": {
            "version": "2.3.4",
            "resolved": "https://registry.npmjs.org/typescript/-/typescript-2.3.4.tgz",
            "integrity": "sha1-PTgyGCgjHkNPKHUUlZw3qCtin0I=",
            "dev": true
        },
        "uglify-js": {
            "version": "2.7.5",
            "resolved": "https://registry.npmjs.org/uglify-js/-/uglify-js-2.7.5.tgz",
            "integrity": "sha1-RhLAx7qu4rp8SH3kkErhIgefLKg=",
            "dependencies": {
                "async": {
                    "version": "0.2.10",
                    "resolved": "https://registry.npmjs.org/async/-/async-0.2.10.tgz",
                    "integrity": "sha1-trvgsGdLnXGXCMo43owjfLUmw9E="
                },
                "camelcase": {
                    "version": "1.2.1",
                    "resolved": "https://registry.npmjs.org/camelcase/-/camelcase-1.2.1.tgz",
                    "integrity": "sha1-m7UwTS4LVmmLLHWLCKPqqdqlijk="
                },
                "cliui": {
                    "version": "2.1.0",
                    "resolved": "https://registry.npmjs.org/cliui/-/cliui-2.1.0.tgz",
                    "integrity": "sha1-S0dXYP+AJkx2LDoXGQMukcf+oNE="
                },
                "window-size": {
                    "version": "0.1.0",
                    "resolved": "https://registry.npmjs.org/window-size/-/window-size-0.1.0.tgz",
                    "integrity": "sha1-VDjNLqk7IC76Ohn+iIeu58lPnJ0="
                },
                "yargs": {
                    "version": "3.10.0",
                    "resolved": "https://registry.npmjs.org/yargs/-/yargs-3.10.0.tgz",
                    "integrity": "sha1-9+572FfdfB0tOMDnTvvWgdFDH9E="
                }
            }
        },
        "uglify-to-browserify": {
            "version": "1.0.2",
            "resolved": "https://registry.npmjs.org/uglify-to-browserify/-/uglify-to-browserify-1.0.2.tgz",
            "integrity": "sha1-bgkk1r2mta/jSeOabWMoUKD4grc="
        },
        "underscore": {
            "version": "1.8.3",
            "resolved": "https://registry.npmjs.org/underscore/-/underscore-1.8.3.tgz",
            "integrity": "sha1-Tz+1OxBuYJf8+ctBCfKl6b36UCI="
        },
        "user-home": {
            "version": "1.1.1",
            "resolved": "https://registry.npmjs.org/user-home/-/user-home-1.1.1.tgz",
            "integrity": "sha1-K1viOjK2Onyd640PKNSFcko98ZA="
        },
        "util-deprecate": {
            "version": "1.0.2",
            "resolved": "https://registry.npmjs.org/util-deprecate/-/util-deprecate-1.0.2.tgz",
            "integrity": "sha1-RQ1Nyfpw3nMnYvvS1KKJgUGaDM8="
        },
        "uuid": {
            "version": "3.0.1",
            "resolved": "https://registry.npmjs.org/uuid/-/uuid-3.0.1.tgz",
            "integrity": "sha1-ZUS7ot/ajBzxfmKaOjBeK7H+5sE="
        },
        "v8flags": {
            "version": "2.1.1",
            "resolved": "https://registry.npmjs.org/v8flags/-/v8flags-2.1.1.tgz",
            "integrity": "sha1-qrGh+jDUX4jdMhFIh1rALAtV5bQ="
        },
        "vary": {
            "version": "1.1.1",
            "resolved": "https://registry.npmjs.org/vary/-/vary-1.1.1.tgz",
            "integrity": "sha1-Z1Neu2lMHVIldFeYRmUyP1h+jTc="
        },
        "which": {
            "version": "1.2.14",
            "resolved": "https://registry.npmjs.org/which/-/which-1.2.14.tgz",
            "integrity": "sha1-mofEN48D6CfOyvGs31bHNsAcFOU="
        },
        "window-size": {
            "version": "0.1.4",
            "resolved": "https://registry.npmjs.org/window-size/-/window-size-0.1.4.tgz",
            "integrity": "sha1-+OGqHuWlPsW/FR/6CXQqatdpeHY="
        },
        "wordwrap": {
            "version": "0.0.2",
            "resolved": "https://registry.npmjs.org/wordwrap/-/wordwrap-0.0.2.tgz",
            "integrity": "sha1-t5Zpu0LstAn4PVg8rVLKF+qhZD8="
        },
        "wrap-ansi": {
            "version": "2.1.0",
            "resolved": "https://registry.npmjs.org/wrap-ansi/-/wrap-ansi-2.1.0.tgz",
            "integrity": "sha1-2Pw9KE3QV5T+hJc8rs3Rz4JP3YU="
        },
        "xtend": {
            "version": "4.0.1",
            "resolved": "https://registry.npmjs.org/xtend/-/xtend-4.0.1.tgz",
            "integrity": "sha1-pcbVMr5lbiPbgg77lDofBJmNY68="
        },
        "y18n": {
            "version": "3.2.1",
            "resolved": "https://registry.npmjs.org/y18n/-/y18n-3.2.1.tgz",
            "integrity": "sha1-bRX7qITAhnnA136I53WegR4H+kE="
        },
        "yargs": {
            "version": "3.32.0",
            "resolved": "https://registry.npmjs.org/yargs/-/yargs-3.32.0.tgz",
            "integrity": "sha1-AwiOnr+edWtpdRYR0qXvWRSCyZU="
        }
    }
}
